
Microsoft Visual Studio Solution File, Format Version 12.00
# Visual Studio Version 17
VisualStudioVersion = 17.2.32526.322
MinimumVisualStudioVersion = 10.0.40219.1
Project("{FAE04EC0-301F-11D3-BF4B-00C04F79EFBC}") = "Vendas", "Vendas\Vendas.csproj", "{67CEAF71-CFF9-47C4-8121-6FDBD48FC8F3}"
EndProject
Global
	GlobalSection(SolutionConfigurationPlatforms) = preSolution
		Debug|Any CPU = Debug|Any CPU
		Release|Any CPU = Release|Any CPU
	EndGlobalSection
	GlobalSection(ProjectConfigurationPlatforms) = postSolution
		{67CEAF71-CFF9-47C4-8121-6FDBD48FC8F3}.Debug|Any CPU.ActiveCfg = Debug|Any CPU
		{67CEAF71-CFF9-47C4-8121-6FDBD48FC8F3}.Debug|Any CPU.Build.0 = Debug|Any CPU
		{67CEAF71-CFF9-47C4-8121-6FDBD48FC8F3}.Release|Any CPU.ActiveCfg = Release|Any CPU
		{67CEAF71-CFF9-47C4-8121-6FDBD48FC8F3}.Release|Any CPU.Build.0 = Release|Any CPU
	EndGlobalSection
	GlobalSection(SolutionProperties) = preSolution
		HideSolutionNode = FALSE
	EndGlobalSection
	GlobalSection(ExtensibilityGlobals) = postSolution
		SolutionGuid = {5EC47499-D508-4B76-9C79-EF0F69D83509}
	EndGlobalSection
EndGlobal
